
Microsoft Visual Studio Solution File, Format Version 12.00
# Visual Studio Version 17
VisualStudioVersion = 17.3.32922.545
MinimumVisualStudioVersion = 10.0.40219.1
Project("{9A19103F-16F7-4668-BE54-9A1E7A4F7556}") = "NewLibWebApp", "NewLibWebApp\NewLibWebApp.csproj", "{E2C0AE0A-3D04-4C8C-87A8-8F927E72DA71}"
EndProject
Project("{9A19103F-16F7-4668-BE54-9A1E7A4F7556}") = "DALLib", "DALLib\DALLib.csproj", "{F07F0C15-5300-44FB-894A-60810BFD97CC}"
EndProject
Project("{9A19103F-16F7-4668-BE54-9A1E7A4F7556}") = "BLLLibary", "BLLLibary\BLLLibary.csproj", "{CE17341E-5E32-470E-81CC-10DA5D15EAB7}"
EndProject
Project("{FAE04EC0-301F-11D3-BF4B-00C04F79EFBC}") = "WebLibTest", "WebLibTest\WebLibTest.csproj", "{49F35B2D-FEDD-45E4-90A6-522DBA5305B9}"
EndProject
Project("{FAE04EC0-301F-11D3-BF4B-00C04F79EFBC}") = "CommonLib", "CommonLib\CommonLib.csproj", "{1D8FDEC9-39B8-428D-B711-1E4F137A571C}"
EndProject
Global
	GlobalSection(SolutionConfigurationPlatforms) = preSolution
		Debug|Any CPU = Debug|Any CPU
		Release|Any CPU = Release|Any CPU
	EndGlobalSection
	GlobalSection(ProjectConfigurationPlatforms) = postSolution
		{E2C0AE0A-3D04-4C8C-87A8-8F927E72DA71}.Debug|Any CPU.ActiveCfg = Debug|Any CPU
		{E2C0AE0A-3D04-4C8C-87A8-8F927E72DA71}.Debug|Any CPU.Build.0 = Debug|Any CPU
		{E2C0AE0A-3D04-4C8C-87A8-8F927E72DA71}.Release|Any CPU.ActiveCfg = Release|Any CPU
		{E2C0AE0A-3D04-4C8C-87A8-8F927E72DA71}.Release|Any CPU.Build.0 = Release|Any CPU
		{F07F0C15-5300-44FB-894A-60810BFD97CC}.Debug|Any CPU.ActiveCfg = Debug|Any CPU
		{F07F0C15-5300-44FB-894A-60810BFD97CC}.Debug|Any CPU.Build.0 = Debug|Any CPU
		{F07F0C15-5300-44FB-894A-60810BFD97CC}.Release|Any CPU.ActiveCfg = Release|Any CPU
		{F07F0C15-5300-44FB-894A-60810BFD97CC}.Release|Any CPU.Build.0 = Release|Any CPU
		{CE17341E-5E32-470E-81CC-10DA5D15EAB7}.Debug|Any CPU.ActiveCfg = Debug|Any CPU
		{CE17341E-5E32-470E-81CC-10DA5D15EAB7}.Debug|Any CPU.Build.0 = Debug|Any CPU
		{CE17341E-5E32-470E-81CC-10DA5D15EAB7}.Release|Any CPU.ActiveCfg = Release|Any CPU
		{CE17341E-5E32-470E-81CC-10DA5D15EAB7}.Release|Any CPU.Build.0 = Release|Any CPU
		{49F35B2D-FEDD-45E4-90A6-522DBA5305B9}.Debug|Any CPU.ActiveCfg = Debug|Any CPU
		{49F35B2D-FEDD-45E4-90A6-522DBA5305B9}.Debug|Any CPU.Build.0 = Debug|Any CPU
		{49F35B2D-FEDD-45E4-90A6-522DBA5305B9}.Release|Any CPU.ActiveCfg = Release|Any CPU
		{49F35B2D-FEDD-45E4-90A6-522DBA5305B9}.Release|Any CPU.Build.0 = Release|Any CPU
		{1D8FDEC9-39B8-428D-B711-1E4F137A571C}.Debug|Any CPU.ActiveCfg = Debug|Any CPU
		{1D8FDEC9-39B8-428D-B711-1E4F137A571C}.Debug|Any CPU.Build.0 = Debug|Any CPU
		{1D8FDEC9-39B8-428D-B711-1E4F137A571C}.Release|Any CPU.ActiveCfg = Release|Any CPU
		{1D8FDEC9-39B8-428D-B711-1E4F137A571C}.Release|Any CPU.Build.0 = Release|Any CPU
	EndGlobalSection
	GlobalSection(SolutionProperties) = preSolution
		HideSolutionNode = FALSE
	EndGlobalSection
	GlobalSection(ExtensibilityGlobals) = postSolution
		SolutionGuid = {DFD9B81D-B7BC-4CBA-8D8C-2FD05B39CFC2}
	EndGlobalSection
EndGlobal
